// !$*UTF8*$!
{
	archiveVersion = 1;
	classes = {
	};
	objectVersion = 46;
	objects = {

/* Begin PBXBuildFile section */
		F91D5F201A781C3C000CE1CD /* main.m in Sources */ = {isa = PBXBuildFile; fileRef = F91D5F1F1A781C3C000CE1CD /* main.m */; };
		F91D5F231A781C3C000CE1CD /* AppDelegate.m in Sources */ = {isa = PBXBuildFile; fileRef = F91D5F221A781C3C000CE1CD /* AppDelegate.m */; };
		F91D5F261A781C3C000CE1CD /* LostCharacters.xcdatamodeld in Sources */ = {isa = PBXBuildFile; fileRef = F91D5F241A781C3C000CE1CD /* LostCharacters.xcdatamodeld */; };
		F91D5F291A781C3C000CE1CD /* ListViewController.m in Sources */ = {isa = PBXBuildFile; fileRef = F91D5F281A781C3C000CE1CD /* ListViewController.m */; };
		F91D5F2C1A781C3C000CE1CD /* Main.storyboard in Resources */ = {isa = PBXBuildFile; fileRef = F91D5F2A1A781C3C000CE1CD /* Main.storyboard */; };
		F91D5F2E1A781C3C000CE1CD /* Images.xcassets in Resources */ = {isa = PBXBuildFile; fileRef = F91D5F2D1A781C3C000CE1CD /* Images.xcassets */; };
		F91D5F311A781C3C000CE1CD /* LaunchScreen.xib in Resources */ = {isa = PBXBuildFile; fileRef = F91D5F2F1A781C3C000CE1CD /* LaunchScreen.xib */; };
		F91D5F3D1A781C3D000CE1CD /* LostCharactersTests.m in Sources */ = {isa = PBXBuildFile; fileRef = F91D5F3C1A781C3D000CE1CD /* LostCharactersTests.m */; };
		F91D5F4C1A781D13000CE1CD /* lost.plist in Resources */ = {isa = PBXBuildFile; fileRef = F91D5F4B1A781D13000CE1CD /* lost.plist */; };
		F91D5F4F1A78384E000CE1CD /* Character.m in Sources */ = {isa = PBXBuildFile; fileRef = F91D5F4E1A78384E000CE1CD /* Character.m */; };
		F91D5F521A785794000CE1CD /* DetailViewController.m in Sources */ = {isa = PBXBuildFile; fileRef = F91D5F511A785794000CE1CD /* DetailViewController.m */; };
		F91D5F581A7940B8000CE1CD /* CustomTableViewCell.m in Sources */ = {isa = PBXBuildFile; fileRef = F91D5F571A7940B8000CE1CD /* CustomTableViewCell.m */; };
/* End PBXBuildFile section */

/* Begin PBXContainerItemProxy section */
		F91D5F371A781C3D000CE1CD /* PBXContainerItemProxy */ = {
			isa = PBXContainerItemProxy;
			containerPortal = F91D5F121A781C3C000CE1CD /* Project object */;
			proxyType = 1;
			remoteGlobalIDString = F91D5F191A781C3C000CE1CD;
			remoteInfo = LostCharacters;
		};
/* End PBXContainerItemProxy section */

/* Begin PBXFileReference section */
		F91D5F1A1A781C3C000CE1CD /* LostCharacters.app */ = {isa = PBXFileReference; explicitFileType = wrapper.application; includeInIndex = 0; path = LostCharacters.app; sourceTree = BUILT_PRODUCTS_DIR; };
		F91D5F1E1A781C3C000CE1CD /* Info.plist */ = {isa = PBXFileReference; lastKnownFileType = text.plist.xml; path = Info.plist; sourceTree = "<group>"; };
		F91D5F1F1A781C3C000CE1CD /* main.m */ = {isa = PBXFileReference; lastKnownFileType = sourcecode.c.objc; path = main.m; sourceTree = "<group>"; };
		F91D5F211A781C3C000CE1CD /* AppDelegate.h */ = {isa = PBXFileReference; lastKnownFileType = sourcecode.c.h; path = AppDelegate.h; sourceTree = "<group>"; };
		F91D5F221A781C3C000CE1CD /* AppDelegate.m */ = {isa = PBXFileReference; lastKnownFileType = sourcecode.c.objc; path = AppDelegate.m; sourceTree = "<group>"; };
		F91D5F251A781C3C000CE1CD /* LostCharacters.xcdatamodel */ = {isa = PBXFileReference; lastKnownFileType = wrapper.xcdatamodel; path = LostCharacters.xcdatamodel; sourceTree = "<group>"; };
		F91D5F271A781C3C000CE1CD /* ListViewController.h */ = {isa = PBXFileReference; lastKnownFileType = sourcecode.c.h; path = ListViewController.h; sourceTree = "<group>"; };
		F91D5F281A781C3C000CE1CD /* ListViewController.m */ = {isa = PBXFileReference; lastKnownFileType = sourcecode.c.objc; path = ListViewController.m; sourceTree = "<group>"; };
		F91D5F2B1A781C3C000CE1CD /* Base */ = {isa = PBXFileReference; lastKnownFileType = file.storyboard; name = Base; path = Base.lproj/Main.storyboard; sourceTree = "<group>"; };
		F91D5F2D1A781C3C000CE1CD /* Images.xcassets */ = {isa = PBXFileReference; lastKnownFileType = folder.assetcatalog; path = Images.xcassets; sourceTree = "<group>"; };
		F91D5F301A781C3C000CE1CD /* Base */ = {isa = PBXFileReference; lastKnownFileType = file.xib; name = Base; path = Base.lproj/LaunchScreen.xib; sourceTree = "<group>"; };
		F91D5F361A781C3D000CE1CD /* LostCharactersTests.xctest */ = {isa = PBXFileReference; explicitFileType = wrapper.cfbundle; includeInIndex = 0; path = LostCharactersTests.xctest; sourceTree = BUILT_PRODUCTS_DIR; };
		F91D5F3B1A781C3D000CE1CD /* Info.plist */ = {isa = PBXFileReference; lastKnownFileType = text.plist.xml; path = Info.plist; sourceTree = "<group>"; };
		F91D5F3C1A781C3D000CE1CD /* LostCharactersTests.m */ = {isa = PBXFileReference; lastKnownFileType = sourcecode.c.objc; path = LostCharactersTests.m; sourceTree = "<group>"; };
		F91D5F4B1A781D13000CE1CD /* lost.plist */ = {isa = PBXFileReference; fileEncoding = 4; lastKnownFileType = text.plist.xml; name = lost.plist; path = ../../../../Downloads/lost.plist; sourceTree = "<group>"; };
		F91D5F4D1A78384E000CE1CD /* Character.h */ = {isa = PBXFileReference; fileEncoding = 4; lastKnownFileType = sourcecode.c.h; path = Character.h; sourceTree = "<group>"; };
		F91D5F4E1A78384E000CE1CD /* Character.m */ = {isa = PBXFileReference; fileEncoding = 4; lastKnownFileType = sourcecode.c.objc; path = Character.m; sourceTree = "<group>"; };
		F91D5F501A785794000CE1CD /* DetailViewController.h */ = {isa = PBXFileReference; fileEncoding = 4; lastKnownFileType = sourcecode.c.h; path = DetailViewController.h; sourceTree = "<group>"; };
		F91D5F511A785794000CE1CD /* DetailViewController.m */ = {isa = PBXFileReference; fileEncoding = 4; lastKnownFileType = sourcecode.c.objc; path = DetailViewController.m; sourceTree = "<group>"; };
		F91D5F561A7940B8000CE1CD /* CustomTableViewCell.h */ = {isa = PBXFileReference; fileEncoding = 4; lastKnownFileType = sourcecode.c.h; path = CustomTableViewCell.h; sourceTree = "<group>"; };
		F91D5F571A7940B8000CE1CD /* CustomTableViewCell.m */ = {isa = PBXFileReference; fileEncoding = 4; lastKnownFileType = sourcecode.c.objc; path = CustomTableViewCell.m; sourceTree = "<group>"; };
/* End PBXFileReference section */

/* Begin PBXFrameworksBuildPhase section */
		F91D5F171A781C3C000CE1CD /* Frameworks */ = {
			isa = PBXFrameworksBuildPhase;
			buildActionMask = 2147483647;
			files = (
			);
			runOnlyForDeploymentPostprocessing = 0;
		};
		F91D5F331A781C3D000CE1CD /* Frameworks */ = {
			isa = PBXFrameworksBuildPhase;
			buildActionMask = 2147483647;
			files = (
			);
			runOnlyForDeploymentPostprocessing = 0;
		};
/* End PBXFrameworksBuildPhase section */

/* Begin PBXGroup section */
		F91D5F111A781C3C000CE1CD = {
			isa = PBXGroup;
			children = (
				F91D5F1C1A781C3C000CE1CD /* LostCharacters */,
				F91D5F391A781C3D000CE1CD /* LostCharactersTests */,
				F91D5F1B1A781C3C000CE1CD /* Products */,
			);
			sourceTree = "<group>";
		};
		F91D5F1B1A781C3C000CE1CD /* Products */ = {
			isa = PBXGroup;
			children = (
				F91D5F1A1A781C3C000CE1CD /* LostCharacters.app */,
				F91D5F361A781C3D000CE1CD /* LostCharactersTests.xctest */,
			);
			name = Products;
			sourceTree = "<group>";
		};
		F91D5F1C1A781C3C000CE1CD /* LostCharacters */ = {
			isa = PBXGroup;
			children = (
				F91D5F211A781C3C000CE1CD /* AppDelegate.h */,
				F91D5F221A781C3C000CE1CD /* AppDelegate.m */,
				F91D5F271A781C3C000CE1CD /* ListViewController.h */,
				F91D5F281A781C3C000CE1CD /* ListViewController.m */,
				F91D5F561A7940B8000CE1CD /* CustomTableViewCell.h */,
				F91D5F571A7940B8000CE1CD /* CustomTableViewCell.m */,
				F91D5F4D1A78384E000CE1CD /* Character.h */,
				F91D5F4E1A78384E000CE1CD /* Character.m */,
				F91D5F2A1A781C3C000CE1CD /* Main.storyboard */,
				F91D5F501A785794000CE1CD /* DetailViewController.h */,
				F91D5F511A785794000CE1CD /* DetailViewController.m */,
				F91D5F2D1A781C3C000CE1CD /* Images.xcassets */,
				F91D5F241A781C3C000CE1CD /* LostCharacters.xcdatamodeld */,
				F91D5F2F1A781C3C000CE1CD /* LaunchScreen.xib */,
				F91D5F1D1A781C3C000CE1CD /* Supporting Files */,
			);
			path = LostCharacters;
			sourceTree = "<group>";
		};
		F91D5F1D1A781C3C000CE1CD /* Supporting Files */ = {
			isa = PBXGroup;
			children = (
				F91D5F1E1A781C3C000CE1CD /* Info.plist */,
				F91D5F4B1A781D13000CE1CD /* lost.plist */,
				F91D5F1F1A781C3C000CE1CD /* main.m */,
			);
			name = "Supporting Files";
			sourceTree = "<group>";
		};
		F91D5F391A781C3D000CE1CD /* LostCharactersTests */ = {
			isa = PBXGroup;
			children = (
				F91D5F3C1A781C3D000CE1CD /* LostCharactersTests.m */,
				F91D5F3A1A781C3D000CE1CD /* Supporting Files */,
			);
			path = LostCharactersTests;
			sourceTree = "<group>";
		};
		F91D5F3A1A781C3D000CE1CD /* Supporting Files */ = {
			isa = PBXGroup;
			children = (
				F91D5F3B1A781C3D000CE1CD /* Info.plist */,
			);
			name = "Supporting Files";
			sourceTree = "<group>";
		};
/* End PBXGroup section */

/* Begin PBXNativeTarget section */
		F91D5F191A781C3C000CE1CD /* LostCharacters */ = {
			isa = PBXNativeTarget;
			buildConfigurationList = F91D5F401A781C3D000CE1CD /* Build configuration list for PBXNativeTarget "LostCharacters" */;
			buildPhases = (
				F91D5F161A781C3C000CE1CD /* Sources */,
				F91D5F171A781C3C000CE1CD /* Frameworks */,
				F91D5F181A781C3C000CE1CD /* Resources */,
			);
			buildRules = (
			);
			dependencies = (
			);
			name = LostCharacters;
			productName = LostCharacters;
			productReference = F91D5F1A1A781C3C000CE1CD /* LostCharacters.app */;
			productType = "com.apple.product-type.application";
		};
		F91D5F351A781C3D000CE1CD /* LostCharactersTests */ = {
			isa = PBXNativeTarget;
			buildConfigurationList = F91D5F431A781C3D000CE1CD /* Build configuration list for PBXNativeTarget "LostCharactersTests" */;
			buildPhases = (
				F91D5F321A781C3D000CE1CD /* Sources */,
				F91D5F331A781C3D000CE1CD /* Frameworks */,
				F91D5F341A781C3D000CE1CD /* Resources */,
			);
			buildRules = (
			);
			dependencies = (
				F91D5F381A781C3D000CE1CD /* PBXTargetDependency */,
			);
			name = LostCharactersTests;
			productName = LostCharactersTests;
			productReference = F91D5F361A781C3D000CE1CD /* LostCharactersTests.xctest */;
			productType = "com.apple.product-type.bundle.unit-test";
		};
/* End PBXNativeTarget section */

/* Begin PBXProject section */
		F91D5F121A781C3C000CE1CD /* Project object */ = {
			isa = PBXProject;
			attributes = {
				LastUpgradeCheck = 0610;
				ORGANIZATIONNAME = MobileMakers;
				TargetAttributes = {
					F91D5F191A781C3C000CE1CD = {
						CreatedOnToolsVersion = 6.1.1;
					};
					F91D5F351A781C3D000CE1CD = {
						CreatedOnToolsVersion = 6.1.1;
						TestTargetID = F91D5F191A781C3C000CE1CD;
					};
				};
			};
			buildConfigurationList = F91D5F151A781C3C000CE1CD /* Build configuration list for PBXProject "LostCharacters" */;
			compatibilityVersion = "Xcode 3.2";
			developmentRegion = English;
			hasScannedForEncodings = 0;
			knownRegions = (
				en,
				Base,
			);
			mainGroup = F91D5F111A781C3C000CE1CD;
			productRefGroup = F91D5F1B1A781C3C000CE1CD /* Products */;
			projectDirPath = "";
			projectRoot = "";
			targets = (
				F91D5F191A781C3C000CE1CD /* LostCharacters */,
				F91D5F351A781C3D000CE1CD /* LostCharactersTests */,
			);
		};
/* End PBXProject section */

/* Begin PBXResourcesBuildPhase section */
		F91D5F181A781C3C000CE1CD /* Resources */ = {
			isa = PBXResourcesBuildPhase;
			buildActionMask = 2147483647;
			files = (
				F91D5F2C1A781C3C000CE1CD /* Main.storyboard in Resources */,
				F91D5F311A781C3C000CE1CD /* LaunchScreen.xib in Resources */,
				F91D5F4C1A781D13000CE1CD /* lost.plist in Resources */,
				F91D5F2E1A781C3C000CE1CD /* Images.xcassets in Resources */,
			);
			runOnlyForDeploymentPostprocessing = 0;
		};
		F91D5F341A781C3D000CE1CD /* Resources */ = {
			isa = PBXResourcesBuildPhase;
			buildActionMask = 2147483647;
			files = (
			);
			runOnlyForDeploymentPostprocessing = 0;
		};
/* End PBXResourcesBuildPhase section */

/* Begin PBXSourcesBuildPhase section */
		F91D5F161A781C3C000CE1CD /* Sources */ = {
			isa = PBXSourcesBuildPhase;
			buildActionMask = 2147483647;
			files = (
				F91D5F4F1A78384E000CE1CD /* Character.m in Sources */,
				F91D5F581A7940B8000CE1CD /* CustomTableViewCell.m in Sources */,
				F91D5F261A781C3C000CE1CD /* LostCharacters.xcdatamodeld in Sources */,
				F91D5F231A781C3C000CE1CD /* AppDelegate.m in Sources */,
				F91D5F291A781C3C000CE1CD /* ListViewController.m in Sources */,
				F91D5F521A785794000CE1CD /* DetailViewController.m in Sources */,
				F91D5F201A781C3C000CE1CD /* main.m in Sources */,
			);
			runOnlyForDeploymentPostprocessing = 0;
		};
		F91D5F321A781C3D000CE1CD /* Sources */ = {
			isa = PBXSourcesBuildPhase;
			buildActionMask = 2147483647;
			files = (
				F91D5F3D1A781C3D000CE1CD /* LostCharactersTests.m in Sources */,
			);
			runOnlyForDeploymentPostprocessing = 0;
		};
/* End PBXSourcesBuildPhase section */

/* Begin PBXTargetDependency section */
		F91D5F381A781C3D000CE1CD /* PBXTargetDependency */ = {
			isa = PBXTargetDependency;
			target = F91D5F191A781C3C000CE1CD /* LostCharacters */;
			targetProxy = F91D5F371A781C3D000CE1CD /* PBXContainerItemProxy */;
		};
/* End PBXTargetDependency section */

/* Begin PBXVariantGroup section */
		F91D5F2A1A781C3C000CE1CD /* Main.storyboard */ = {
			isa = PBXVariantGroup;
			children = (
				F91D5F2B1A781C3C000CE1CD /* Base */,
			);
			name = Main.storyboard;
			sourceTree = "<group>";
		};
		F91D5F2F1A781C3C000CE1CD /* LaunchScreen.xib */ = {
			isa = PBXVariantGroup;
			children = (
				F91D5F301A781C3C000CE1CD /* Base */,
			);
			name = LaunchScreen.xib;
			sourceTree = "<group>";
		};
/* End PBXVariantGroup section */

/* Begin XCBuildConfiguration section */
		F91D5F3E1A781C3D000CE1CD /* Debug */ = {
			isa = XCBuildConfiguration;
			buildSettings = {
				ALWAYS_SEARCH_USER_PATHS = NO;
				CLANG_CXX_LANGUAGE_STANDARD = "gnu++0x";
				CLANG_CXX_LIBRARY = "libc++";
				CLANG_ENABLE_MODULES = YES;
				CLANG_ENABLE_OBJC_ARC = YES;
				CLANG_WARN_BOOL_CONVERSION = YES;
				CLANG_WARN_CONSTANT_CONVERSION = YES;
				CLANG_WARN_DIRECT_OBJC_ISA_USAGE = YES_ERROR;
				CLANG_WARN_EMPTY_BODY = YES;
				CLANG_WARN_ENUM_CONVERSION = YES;
				CLANG_WARN_INT_CONVERSION = YES;
				CLANG_WARN_OBJC_ROOT_CLASS = YES_ERROR;
				CLANG_WARN_UNREACHABLE_CODE = YES;
				CLANG_WARN__DUPLICATE_METHOD_MATCH = YES;
				"CODE_SIGN_IDENTITY[sdk=iphoneos*]" = "iPhone Developer";
				COPY_PHASE_STRIP = NO;
				ENABLE_STRICT_OBJC_MSGSEND = YES;
				GCC_C_LANGUAGE_STANDARD = gnu99;
				GCC_DYNAMIC_NO_PIC = NO;
				GCC_OPTIMIZATION_LEVEL = 0;
				GCC_PREPROCESSOR_DEFINITIONS = (
					"DEBUG=1",
					"$(inherited)",
				);
				GCC_SYMBOLS_PRIVATE_EXTERN = NO;
				GCC_WARN_64_TO_32_BIT_CONVERSION = YES;
				GCC_WARN_ABOUT_RETURN_TYPE = YES_ERROR;
				GCC_WARN_UNDECLARED_SELECTOR = YES;
				GCC_WARN_UNINITIALIZED_AUTOS = YES_AGGRESSIVE;
				GCC_WARN_UNUSED_FUNCTION = YES;
				GCC_WARN_UNUSED_VARIABLE = YES;
				IPHONEOS_DEPLOYMENT_TARGET = 8.1;
				MTL_ENABLE_DEBUG_INFO = YES;
				ONLY_ACTIVE_ARCH = YES;
				SDKROOT = iphoneos;
			};
			name = Debug;
		};
		F91D5F3F1A781C3D000CE1CD /* Release */ = {
			isa = XCBuildConfiguration;
			buildSettings = {
				ALWAYS_SEARCH_USER_PATHS = NO;
				CLANG_CXX_LANGUAGE_STANDARD = "gnu++0x";
				CLANG_CXX_LIBRARY = "libc++";
				CLANG_ENABLE_MODULES = YES;
				CLANG_ENABLE_OBJC_ARC = YES;
				CLANG_WARN_BOOL_CONVERSION = YES;
				CLANG_WARN_CONSTANT_CONVERSION = YES;
				CLANG_WARN_DIRECT_OBJC_ISA_USAGE = YES_ERROR;
				CLANG_WARN_EMPTY_BODY = YES;
				CLANG_WARN_ENUM_CONVERSION = YES;
				CLANG_WARN_INT_CONVERSION = YES;
				CLANG_WARN_OBJC_ROOT_CLASS = YES_ERROR;
				CLANG_WARN_UNREACHABLE_CODE = YES;
				CLANG_WARN__DUPLICATE_METHOD_MATCH = YES;
				"CODE_SIGN_IDENTITY[sdk=iphoneos*]" = "iPhone Developer";
				COPY_PHASE_STRIP = YES;
				ENABLE_NS_ASSERTIONS = NO;
				ENABLE_STRICT_OBJC_MSGSEND = YES;
				GCC_C_LANGUAGE_STANDARD = gnu99;
				GCC_WARN_64_TO_32_BIT_CONVERSION = YES;
				GCC_WARN_ABOUT_RETURN_TYPE = YES_ERROR;
				GCC_WARN_UNDECLARED_SELECTOR = YES;
				GCC_WARN_UNINITIALIZED_AUTOS = YES_AGGRESSIVE;
				GCC_WARN_UNUSED_FUNCTION = YES;
				GCC_WARN_UNUSED_VARIABLE = YES;
				IPHONEOS_DEPLOYMENT_TARGET = 8.1;
				MTL_ENABLE_DEBUG_INFO = NO;
				SDKROOT = iphoneos;
				VALIDATE_PRODUCT = YES;
			};
			name = Release;
		};
		F91D5F411A781C3D000CE1CD /* Debug */ = {
			isa = XCBuildConfiguration;
			buildSettings = {
				ASSETCATALOG_COMPILER_APPICON_NAME = AppIcon;
				INFOPLIST_FILE = LostCharacters/Info.plist;
				LD_RUNPATH_SEARCH_PATHS = "$(inherited) @executable_path/Frameworks";
				PRODUCT_NAME = "$(TARGET_NAME)";
			};
			name = Debug;
		};
		F91D5F421A781C3D000CE1CD /* Release */ = {
			isa = XCBuildConfiguration;
			buildSettings = {
				ASSETCATALOG_COMPILER_APPICON_NAME = AppIcon;
				INFOPLIST_FILE = LostCharacters/Info.plist;
				LD_RUNPATH_SEARCH_PATHS = "$(inherited) @executable_path/Frameworks";
				PRODUCT_NAME = "$(TARGET_NAME)";
			};
			name = Release;
		};
		F91D5F441A781C3D000CE1CD /* Debug */ = {
			isa = XCBuildConfiguration;
			buildSettings = {
				BUNDLE_LOADER = "$(TEST_HOST)";
				FRAMEWORK_SEARCH_PATHS = (
					"$(SDKROOT)/Developer/Library/Frameworks",
					"$(inherited)",
				);
				GCC_PREPROCESSOR_DEFINITIONS = (
					"DEBUG=1",
					"$(inherited)",
				);
				INFOPLIST_FILE = LostCharactersTests/Info.plist;
				LD_RUNPATH_SEARCH_PATHS = "$(inherited) @executable_path/Frameworks @loader_path/Frameworks";
				PRODUCT_NAME = "$(TARGET_NAME)";
				TEST_HOST = "$(BUILT_PRODUCTS_DIR)/LostCharacters.app/LostCharacters";
			};
			name = Debug;
		};
		F91D5F451A781C3D000CE1CD /* Release */ = {
			isa = XCBuildConfiguration;
			buildSettings = {
				BUNDLE_LOADER = "$(TEST_HOST)";
				FRAMEWORK_SEARCH_PATHS = (
					"$(SDKROOT)/Developer/Library/Frameworks",
					"$(inherited)",
				);
				INFOPLIST_FILE = LostCharactersTests/Info.plist;
				LD_RUNPATH_SEARCH_PATHS = "$(inherited) @executable_path/Frameworks @loader_path/Frameworks";
				PRODUCT_NAME = "$(TARGET_NAME)";
				TEST_HOST = "$(BUILT_PRODUCTS_DIR)/LostCharacters.app/LostCharacters";
			};
			name = Release;
		};
/* End XCBuildConfiguration section */

/* Begin XCConfigurationList section */
		F91D5F151A781C3C000CE1CD /* Build configuration list for PBXProject "LostCharacters" */ = {
			isa = XCConfigurationList;
			buildConfigurations = (
				F91D5F3E1A781C3D000CE1CD /* Debug */,
				F91D5F3F1A781C3D000CE1CD /* Release */,
			);
			defaultConfigurationIsVisible = 0;
			defaultConfigurationName = Release;
		};
		F91D5F401A781C3D000CE1CD /* Build configuration list for PBXNativeTarget "LostCharacters" */ = {
			isa = XCConfigurationList;
			buildConfigurations = (
				F91D5F411A781C3D000CE1CD /* Debug */,
				F91D5F421A781C3D000CE1CD /* Release */,
			);
			defaultConfigurationIsVisible = 0;
		};
		F91D5F431A781C3D000CE1CD /* Build configuration list for PBXNativeTarget "LostCharactersTests" */ = {
			isa = XCConfigurationList;
			buildConfigurations = (
				F91D5F441A781C3D000CE1CD /* Debug */,
				F91D5F451A781C3D000CE1CD /* Release */,
			);
			defaultConfigurationIsVisible = 0;
		};
/* End XCConfigurationList section */

/* Begin XCVersionGroup section */
		F91D5F241A781C3C000CE1CD /* LostCharacters.xcdatamodeld */ = {
			isa = XCVersionGroup;
			children = (
				F91D5F251A781C3C000CE1CD /* LostCharacters.xcdatamodel */,
			);
			currentVersion = F91D5F251A781C3C000CE1CD /* LostCharacters.xcdatamodel */;
			path = LostCharacters.xcdatamodeld;
			sourceTree = "<group>";
			versionGroupType = wrapper.xcdatamodel;
		};
/* End XCVersionGroup section */
	};
	rootObject = F91D5F121A781C3C000CE1CD /* Project object */;
}
